// !$*UTF8*$!
{
	archiveVersion = 1;
	classes = {
	};
	objectVersion = 56;
	objects = {

/* Begin PBXBuildFile section */
		3204B7BD2B582848001A3963 /* MainTabView.swift in Sources */ = {isa = PBXBuildFile; fileRef = 3204B7BC2B582848001A3963 /* MainTabView.swift */; };
		3204B7BF2B582854001A3963 /* LocationView.swift in Sources */ = {isa = PBXBuildFile; fileRef = 3204B7BE2B582854001A3963 /* LocationView.swift */; };
		3204B7C12B582864001A3963 /* ReservationView.swift in Sources */ = {isa = PBXBuildFile; fileRef = 3204B7C02B582864001A3963 /* ReservationView.swift */; };
		3204B7C32B582889001A3963 /* Model.swift in Sources */ = {isa = PBXBuildFile; fileRef = 3204B7C22B582889001A3963 /* Model.swift */; };
		3204B7C52B5828C4001A3963 /* CarWash.swift in Sources */ = {isa = PBXBuildFile; fileRef = 3204B7C42B5828C4001A3963 /* CarWash.swift */; };
		321308A02B5AB94100445AB2 /* NoReservationView.swift in Sources */ = {isa = PBXBuildFile; fileRef = 3213089F2B5AB94100445AB2 /* NoReservationView.swift */; };
		32173B2C2B58211F0050D5FA /* GleamCarApp.swift in Sources */ = {isa = PBXBuildFile; fileRef = 32173B2B2B58211F0050D5FA /* GleamCarApp.swift */; };
		32173B302B5821200050D5FA /* Assets.xcassets in Resources */ = {isa = PBXBuildFile; fileRef = 32173B2F2B5821200050D5FA /* Assets.xcassets */; };
		32173B332B5821200050D5FA /* Preview Assets.xcassets in Resources */ = {isa = PBXBuildFile; fileRef = 32173B322B5821200050D5FA /* Preview Assets.xcassets */; };
		325700322B588D3F00781511 /* Reservation.swift in Sources */ = {isa = PBXBuildFile; fileRef = 325700312B588D3F00781511 /* Reservation.swift */; };
		32B3637C2B5859CA00FDD620 /* CarWashCell.swift in Sources */ = {isa = PBXBuildFile; fileRef = 32B3637B2B5859CA00FDD620 /* CarWashCell.swift */; };
		32B3637E2B5864E300FDD620 /* ReservationForm.swift in Sources */ = {isa = PBXBuildFile; fileRef = 32B3637D2B5864E300FDD620 /* ReservationForm.swift */; };
/* End PBXBuildFile section */

/* Begin PBXFileReference section */
		3204B7BC2B582848001A3963 /* MainTabView.swift */ = {isa = PBXFileReference; lastKnownFileType = sourcecode.swift; path = MainTabView.swift; sourceTree = "<group>"; };
		3204B7BE2B582854001A3963 /* LocationView.swift */ = {isa = PBXFileReference; lastKnownFileType = sourcecode.swift; path = LocationView.swift; sourceTree = "<group>"; };
		3204B7C02B582864001A3963 /* ReservationView.swift */ = {isa = PBXFileReference; lastKnownFileType = sourcecode.swift; path = ReservationView.swift; sourceTree = "<group>"; };
		3204B7C22B582889001A3963 /* Model.swift */ = {isa = PBXFileReference; lastKnownFileType = sourcecode.swift; path = Model.swift; sourceTree = "<group>"; };
		3204B7C42B5828C4001A3963 /* CarWash.swift */ = {isa = PBXFileReference; lastKnownFileType = sourcecode.swift; path = CarWash.swift; sourceTree = "<group>"; };
		3213089F2B5AB94100445AB2 /* NoReservationView.swift */ = {isa = PBXFileReference; lastKnownFileType = sourcecode.swift; path = NoReservationView.swift; sourceTree = "<group>"; };
		32173B282B58211F0050D5FA /* GleamCar.app */ = {isa = PBXFileReference; explicitFileType = wrapper.application; includeInIndex = 0; path = GleamCar.app; sourceTree = BUILT_PRODUCTS_DIR; };
		32173B2B2B58211F0050D5FA /* GleamCarApp.swift */ = {isa = PBXFileReference; lastKnownFileType = sourcecode.swift; path = GleamCarApp.swift; sourceTree = "<group>"; };
		32173B2F2B5821200050D5FA /* Assets.xcassets */ = {isa = PBXFileReference; lastKnownFileType = folder.assetcatalog; path = Assets.xcassets; sourceTree = "<group>"; };
		32173B322B5821200050D5FA /* Preview Assets.xcassets */ = {isa = PBXFileReference; lastKnownFileType = folder.assetcatalog; path = "Preview Assets.xcassets"; sourceTree = "<group>"; };
		325700312B588D3F00781511 /* Reservation.swift */ = {isa = PBXFileReference; lastKnownFileType = sourcecode.swift; path = Reservation.swift; sourceTree = "<group>"; };
		32B3637B2B5859CA00FDD620 /* CarWashCell.swift */ = {isa = PBXFileReference; lastKnownFileType = sourcecode.swift; path = CarWashCell.swift; sourceTree = "<group>"; };
		32B3637D2B5864E300FDD620 /* ReservationForm.swift */ = {isa = PBXFileReference; lastKnownFileType = sourcecode.swift; path = ReservationForm.swift; sourceTree = "<group>"; };
/* End PBXFileReference section */

/* Begin PBXFrameworksBuildPhase section */
		32173B252B58211F0050D5FA /* Frameworks */ = {
			isa = PBXFrameworksBuildPhase;
			buildActionMask = 2147483647;
			files = (
			);
			runOnlyForDeploymentPostprocessing = 0;
		};
/* End PBXFrameworksBuildPhase section */

/* Begin PBXGroup section */
		3213089B2B5AB38600445AB2 /* Screens */ = {
			isa = PBXGroup;
			children = (
				3204B7BC2B582848001A3963 /* MainTabView.swift */,
				3204B7BE2B582854001A3963 /* LocationView.swift */,
				3213089D2B5AB54800445AB2 /* Reservation */,
			);
			path = Screens;
			sourceTree = "<group>";
		};
		3213089D2B5AB54800445AB2 /* Reservation */ = {
			isa = PBXGroup;
			children = (
				325700312B588D3F00781511 /* Reservation.swift */,
				3204B7C02B582864001A3963 /* ReservationView.swift */,
				32B3637D2B5864E300FDD620 /* ReservationForm.swift */,
				3213089F2B5AB94100445AB2 /* NoReservationView.swift */,
			);
			path = Reservation;
			sourceTree = "<group>";
		};
		32173B1F2B58211F0050D5FA = {
			isa = PBXGroup;
			children = (
				32173B2A2B58211F0050D5FA /* GleamCar */,
				32173B292B58211F0050D5FA /* Products */,
			);
			sourceTree = "<group>";
		};
		32173B292B58211F0050D5FA /* Products */ = {
			isa = PBXGroup;
			children = (
				32173B282B58211F0050D5FA /* GleamCar.app */,
			);
			name = Products;
			sourceTree = "<group>";
		};
		32173B2A2B58211F0050D5FA /* GleamCar */ = {
			isa = PBXGroup;
			children = (
				32173B2B2B58211F0050D5FA /* GleamCarApp.swift */,
				3213089B2B5AB38600445AB2 /* Screens */,
				3204B7C42B5828C4001A3963 /* CarWash.swift */,
				32B3637B2B5859CA00FDD620 /* CarWashCell.swift */,
				3204B7C22B582889001A3963 /* Model.swift */,
				32173B2F2B5821200050D5FA /* Assets.xcassets */,
				32173B312B5821200050D5FA /* Preview Content */,
			);
			path = GleamCar;
			sourceTree = "<group>";
		};
		32173B312B5821200050D5FA /* Preview Content */ = {
			isa = PBXGroup;
			children = (
				32173B322B5821200050D5FA /* Preview Assets.xcassets */,
			);
			path = "Preview Content";
			sourceTree = "<group>";
		};
/* End PBXGroup section */

/* Begin PBXNativeTarget section */
		32173B272B58211F0050D5FA /* GleamCar */ = {
			isa = PBXNativeTarget;
			buildConfigurationList = 32173B362B5821200050D5FA /* Build configuration list for PBXNativeTarget "GleamCar" */;
			buildPhases = (
				32173B242B58211F0050D5FA /* Sources */,
				32173B252B58211F0050D5FA /* Frameworks */,
				32173B262B58211F0050D5FA /* Resources */,
			);
			buildRules = (
			);
			dependencies = (
			);
			name = GleamCar;
			productName = GleamCar;
			productReference = 32173B282B58211F0050D5FA /* GleamCar.app */;
			productType = "com.apple.product-type.application";
		};
/* End PBXNativeTarget section */

/* Begin PBXProject section */
		32173B202B58211F0050D5FA /* Project object */ = {
			isa = PBXProject;
			attributes = {
				BuildIndependentTargetsInParallel = 1;
				LastSwiftUpdateCheck = 1510;
				LastUpgradeCheck = 1510;
				TargetAttributes = {
					32173B272B58211F0050D5FA = {
						CreatedOnToolsVersion = 15.1;
					};
				};
			};
			buildConfigurationList = 32173B232B58211F0050D5FA /* Build configuration list for PBXProject "GleamCar" */;
			compatibilityVersion = "Xcode 14.0";
			developmentRegion = en;
			hasScannedForEncodings = 0;
			knownRegions = (
				en,
				Base,
			);
			mainGroup = 32173B1F2B58211F0050D5FA;
			productRefGroup = 32173B292B58211F0050D5FA /* Products */;
			projectDirPath = "";
			projectRoot = "";
			targets = (
				32173B272B58211F0050D5FA /* GleamCar */,
			);
		};
/* End PBXProject section */

/* Begin PBXResourcesBuildPhase section */
		32173B262B58211F0050D5FA /* Resources */ = {
			isa = PBXResourcesBuildPhase;
			buildActionMask = 2147483647;
			files = (
				32173B332B5821200050D5FA /* Preview Assets.xcassets in Resources */,
				32173B302B5821200050D5FA /* Assets.xcassets in Resources */,
			);
			runOnlyForDeploymentPostprocessing = 0;
		};
/* End PBXResourcesBuildPhase section */

/* Begin PBXSourcesBuildPhase section */
		32173B242B58211F0050D5FA /* Sources */ = {
			isa = PBXSourcesBuildPhase;
			buildActionMask = 2147483647;
			files = (
				3204B7C12B582864001A3963 /* ReservationView.swift in Sources */,
				3204B7BF2B582854001A3963 /* LocationView.swift in Sources */,
				325700322B588D3F00781511 /* Reservation.swift in Sources */,
				3204B7C32B582889001A3963 /* Model.swift in Sources */,
				32173B2C2B58211F0050D5FA /* GleamCarApp.swift in Sources */,
				321308A02B5AB94100445AB2 /* NoReservationView.swift in Sources */,
				3204B7BD2B582848001A3963 /* MainTabView.swift in Sources */,
				32B3637C2B5859CA00FDD620 /* CarWashCell.swift in Sources */,
				3204B7C52B5828C4001A3963 /* CarWash.swift in Sources */,
				32B3637E2B5864E300FDD620 /* ReservationForm.swift in Sources */,
			);
			runOnlyForDeploymentPostprocessing = 0;
		};
/* End PBXSourcesBuildPhase section */

/* Begin XCBuildConfiguration section */
		32173B342B5821200050D5FA /* Debug */ = {
			isa = XCBuildConfiguration;
			buildSettings = {
				ALWAYS_SEARCH_USER_PATHS = NO;
				ASSETCATALOG_COMPILER_GENERATE_SWIFT_ASSET_SYMBOL_EXTENSIONS = YES;
				CLANG_ANALYZER_NONNULL = YES;
				CLANG_ANALYZER_NUMBER_OBJECT_CONVERSION = YES_AGGRESSIVE;
				CLANG_CXX_LANGUAGE_STANDARD = "gnu++20";
				CLANG_ENABLE_MODULES = YES;
				CLANG_ENABLE_OBJC_ARC = YES;
				CLANG_ENABLE_OBJC_WEAK = YES;
				CLANG_WARN_BLOCK_CAPTURE_AUTORELEASING = YES;
				CLANG_WARN_BOOL_CONVERSION = YES;
				CLANG_WARN_COMMA = YES;
				CLANG_WARN_CONSTANT_CONVERSION = YES;
				CLANG_WARN_DEPRECATED_OBJC_IMPLEMENTATIONS = YES;
				CLANG_WARN_DIRECT_OBJC_ISA_USAGE = YES_ERROR;
				CLANG_WARN_DOCUMENTATION_COMMENTS = YES;
				CLANG_WARN_EMPTY_BODY = YES;
				CLANG_WARN_ENUM_CONVERSION = YES;
				CLANG_WARN_INFINITE_RECURSION = YES;
				CLANG_WARN_INT_CONVERSION = YES;
				CLANG_WARN_NON_LITERAL_NULL_CONVERSION = YES;
				CLANG_WARN_OBJC_IMPLICIT_RETAIN_SELF = YES;
				CLANG_WARN_OBJC_LITERAL_CONVERSION = YES;
				CLANG_WARN_OBJC_ROOT_CLASS = YES_ERROR;
				CLANG_WARN_QUOTED_INCLUDE_IN_FRAMEWORK_HEADER = YES;
				CLANG_WARN_RANGE_LOOP_ANALYSIS = YES;
				CLANG_WARN_STRICT_PROTOTYPES = YES;
				CLANG_WARN_SUSPICIOUS_MOVE = YES;
				CLANG_WARN_UNGUARDED_AVAILABILITY = YES_AGGRESSIVE;
				CLANG_WARN_UNREACHABLE_CODE = YES;
				CLANG_WARN__DUPLICATE_METHOD_MATCH = YES;
				COPY_PHASE_STRIP = NO;
				DEBUG_INFORMATION_FORMAT = dwarf;
				ENABLE_STRICT_OBJC_MSGSEND = YES;
				ENABLE_TESTABILITY = YES;
				ENABLE_USER_SCRIPT_SANDBOXING = YES;
				GCC_C_LANGUAGE_STANDARD = gnu17;
				GCC_DYNAMIC_NO_PIC = NO;
				GCC_NO_COMMON_BLOCKS = YES;
				GCC_OPTIMIZATION_LEVEL = 0;
				GCC_PREPROCESSOR_DEFINITIONS = (
					"DEBUG=1",
					"$(inherited)",
				);
				GCC_WARN_64_TO_32_BIT_CONVERSION = YES;
				GCC_WARN_ABOUT_RETURN_TYPE = YES_ERROR;
				GCC_WARN_UNDECLARED_SELECTOR = YES;
				GCC_WARN_UNINITIALIZED_AUTOS = YES_AGGRESSIVE;
				GCC_WARN_UNUSED_FUNCTION = YES;
				GCC_WARN_UNUSED_VARIABLE = YES;
				IPHONEOS_DEPLOYMENT_TARGET = 16.5;
				LOCALIZATION_PREFERS_STRING_CATALOGS = YES;
				MTL_ENABLE_DEBUG_INFO = INCLUDE_SOURCE;
				MTL_FAST_MATH = YES;
				ONLY_ACTIVE_ARCH = YES;
				SDKROOT = iphoneos;
				SWIFT_ACTIVE_COMPILATION_CONDITIONS = "DEBUG $(inherited)";
				SWIFT_OPTIMIZATION_LEVEL = "-Onone";
			};
			name = Debug;
		};
		32173B352B5821200050D5FA /* Release */ = {
			isa = XCBuildConfiguration;
			buildSettings = {
				ALWAYS_SEARCH_USER_PATHS = NO;
				ASSETCATALOG_COMPILER_GENERATE_SWIFT_ASSET_SYMBOL_EXTENSIONS = YES;
				CLANG_ANALYZER_NONNULL = YES;
				CLANG_ANALYZER_NUMBER_OBJECT_CONVERSION = YES_AGGRESSIVE;
				CLANG_CXX_LANGUAGE_STANDARD = "gnu++20";
				CLANG_ENABLE_MODULES = YES;
				CLANG_ENABLE_OBJC_ARC = YES;
				CLANG_ENABLE_OBJC_WEAK = YES;
				CLANG_WARN_BLOCK_CAPTURE_AUTORELEASING = YES;
				CLANG_WARN_BOOL_CONVERSION = YES;
				CLANG_WARN_COMMA = YES;
				CLANG_WARN_CONSTANT_CONVERSION = YES;
				CLANG_WARN_DEPRECATED_OBJC_IMPLEMENTATIONS = YES;
				CLANG_WARN_DIRECT_OBJC_ISA_USAGE = YES_ERROR;
				CLANG_WARN_DOCUMENTATION_COMMENTS = YES;
				CLANG_WARN_EMPTY_BODY = YES;
				CLANG_WARN_ENUM_CONVERSION = YES;
				CLANG_WARN_INFINITE_RECURSION = YES;
				CLANG_WARN_INT_CONVERSION = YES;
				CLANG_WARN_NON_LITERAL_NULL_CONVERSION = YES;
				CLANG_WARN_OBJC_IMPLICIT_RETAIN_SELF = YES;
				CLANG_WARN_OBJC_LITERAL_CONVERSION = YES;
				CLANG_WARN_OBJC_ROOT_CLASS = YES_ERROR;
				CLANG_WARN_QUOTED_INCLUDE_IN_FRAMEWORK_HEADER = YES;
				CLANG_WARN_RANGE_LOOP_ANALYSIS = YES;
				CLANG_WARN_STRICT_PROTOTYPES = YES;
				CLANG_WARN_SUSPICIOUS_MOVE = YES;
				CLANG_WARN_UNGUARDED_AVAILABILITY = YES_AGGRESSIVE;
				CLANG_WARN_UNREACHABLE_CODE = YES;
				CLANG_WARN__DUPLICATE_METHOD_MATCH = YES;
				COPY_PHASE_STRIP = NO;
				DEBUG_INFORMATION_FORMAT = "dwarf-with-dsym";
				ENABLE_NS_ASSERTIONS = NO;
				ENABLE_STRICT_OBJC_MSGSEND = YES;
				ENABLE_USER_SCRIPT_SANDBOXING = YES;
				GCC_C_LANGUAGE_STANDARD = gnu17;
				GCC_NO_COMMON_BLOCKS = YES;
				GCC_WARN_64_TO_32_BIT_CONVERSION = YES;
				GCC_WARN_ABOUT_RETURN_TYPE = YES_ERROR;
				GCC_WARN_UNDECLARED_SELECTOR = YES;
				GCC_WARN_UNINITIALIZED_AUTOS = YES_AGGRESSIVE;
				GCC_WARN_UNUSED_FUNCTION = YES;
				GCC_WARN_UNUSED_VARIABLE = YES;
				IPHONEOS_DEPLOYMENT_TARGET = 16.5;
				LOCALIZATION_PREFERS_STRING_CATALOGS = YES;
				MTL_ENABLE_DEBUG_INFO = NO;
				MTL_FAST_MATH = YES;
				SDKROOT = iphoneos;
				SWIFT_COMPILATION_MODE = wholemodule;
				VALIDATE_PRODUCT = YES;
			};
			name = Release;
		};
		32173B372B5821200050D5FA /* Debug */ = {
			isa = XCBuildConfiguration;
			buildSettings = {
				ASSETCATALOG_COMPILER_APPICON_NAME = AppIcon;
				ASSETCATALOG_COMPILER_GLOBAL_ACCENT_COLOR_NAME = AccentColor;
				CODE_SIGN_STYLE = Automatic;
				CURRENT_PROJECT_VERSION = 1;
				DEVELOPMENT_ASSET_PATHS = "\"GleamCar/Preview Content\"";
				DEVELOPMENT_TEAM = 5C7T379SKG;
				ENABLE_PREVIEWS = YES;
				GENERATE_INFOPLIST_FILE = YES;
				INFOPLIST_KEY_UIApplicationSceneManifest_Generation = YES;
				INFOPLIST_KEY_UIApplicationSupportsIndirectInputEvents = YES;
				INFOPLIST_KEY_UILaunchScreen_Generation = YES;
				INFOPLIST_KEY_UISupportedInterfaceOrientations = UIInterfaceOrientationPortrait;
				INFOPLIST_KEY_UISupportedInterfaceOrientations_iPad = "UIInterfaceOrientationLandscapeLeft UIInterfaceOrientationLandscapeRight UIInterfaceOrientationPortrait UIInterfaceOrientationPortraitUpsideDown";
				IPHONEOS_DEPLOYMENT_TARGET = 16.5;
				LD_RUNPATH_SEARCH_PATHS = (
					"$(inherited)",
					"@executable_path/Frameworks",
				);
				MARKETING_VERSION = 1.0;
				PRODUCT_BUNDLE_IDENTIFIER = com.an4lex.GleamCar;
				PRODUCT_NAME = "$(TARGET_NAME)";
				SUPPORTED_PLATFORMS = "iphoneos iphonesimulator";
				SUPPORTS_MACCATALYST = NO;
				SUPPORTS_MAC_DESIGNED_FOR_IPHONE_IPAD = NO;
				SWIFT_EMIT_LOC_STRINGS = YES;
				SWIFT_VERSION = 5.0;
				TARGETED_DEVICE_FAMILY = 1;
			};
			name = Debug;
		};
		32173B382B5821200050D5FA /* Release */ = {
			isa = XCBuildConfiguration;
			buildSettings = {
				ASSETCATALOG_COMPILER_APPICON_NAME = AppIcon;
				ASSETCATALOG_COMPILER_GLOBAL_ACCENT_COLOR_NAME = AccentColor;
				CODE_SIGN_STYLE = Automatic;
				CURRENT_PROJECT_VERSION = 1;
				DEVELOPMENT_ASSET_PATHS = "\"GleamCar/Preview Content\"";
				DEVELOPMENT_TEAM = 5C7T379SKG;
				ENABLE_PREVIEWS = YES;
				GENERATE_INFOPLIST_FILE = YES;
				INFOPLIST_KEY_UIApplicationSceneManifest_Generation = YES;
				INFOPLIST_KEY_UIApplicationSupportsIndirectInputEvents = YES;
				INFOPLIST_KEY_UILaunchScreen_Generation = YES;
				INFOPLIST_KEY_UISupportedInterfaceOrientations = UIInterfaceOrientationPortrait;
				INFOPLIST_KEY_UISupportedInterfaceOrientations_iPad = "UIInterfaceOrientationLandscapeLeft UIInterfaceOrientationLandscapeRight UIInterfaceOrientationPortrait UIInterfaceOrientationPortraitUpsideDown";
				IPHONEOS_DEPLOYMENT_TARGET = 16.5;
				LD_RUNPATH_SEARCH_PATHS = (
					"$(inherited)",
					"@executable_path/Frameworks",
				);
				MARKETING_VERSION = 1.0;
				PRODUCT_BUNDLE_IDENTIFIER = com.an4lex.GleamCar;
				PRODUCT_NAME = "$(TARGET_NAME)";
				SUPPORTED_PLATFORMS = "iphoneos iphonesimulator";
				SUPPORTS_MACCATALYST = NO;
				SUPPORTS_MAC_DESIGNED_FOR_IPHONE_IPAD = NO;
				SWIFT_EMIT_LOC_STRINGS = YES;
				SWIFT_VERSION = 5.0;
				TARGETED_DEVICE_FAMILY = 1;
			};
			name = Release;
		};
/* End XCBuildConfiguration section */

/* Begin XCConfigurationList section */
		32173B232B58211F0050D5FA /* Build configuration list for PBXProject "GleamCar" */ = {
			isa = XCConfigurationList;
			buildConfigurations = (
				32173B342B5821200050D5FA /* Debug */,
				32173B352B5821200050D5FA /* Release */,
			);
			defaultConfigurationIsVisible = 0;
			defaultConfigurationName = Release;
		};
		32173B362B5821200050D5FA /* Build configuration list for PBXNativeTarget "GleamCar" */ = {
			isa = XCConfigurationList;
			buildConfigurations = (
				32173B372B5821200050D5FA /* Debug */,
				32173B382B5821200050D5FA /* Release */,
			);
			defaultConfigurationIsVisible = 0;
			defaultConfigurationName = Release;
		};
/* End XCConfigurationList section */
	};
	rootObject = 32173B202B58211F0050D5FA /* Project object */;
}
